
Microsoft Visual Studio Solution File, Format Version 12.00
# Visual Studio Version 17
VisualStudioVersion = 17.13.35828.75 d17.13
MinimumVisualStudioVersion = 10.0.40219.1
Project("{54A90642-561A-4BB1-A94E-469ADEE60C69}") = "JeopardyTrainer.Client", "jeopardytrainer.client\JeopardyTrainer.Client.esproj", "{0CF5FE6A-8FE1-22EB-5CD2-0AC55DFD8DED}"
EndProject
Project("{FAE04EC0-301F-11D3-BF4B-00C04F79EFBC}") = "JeopardyTrainer.Server", "JeopardyTrainer.Server\JeopardyTrainer.Server.csproj", "{E6D95AF7-4EA6-429F-AA8C-E1B81300C050}"
EndProject
Global
	GlobalSection(SolutionConfigurationPlatforms) = preSolution
		Debug|Any CPU = Debug|Any CPU
		Release|Any CPU = Release|Any CPU
	EndGlobalSection
	GlobalSection(ProjectConfigurationPlatforms) = postSolution
		{0CF5FE6A-8FE1-22EB-5CD2-0AC55DFD8DED}.Debug|Any CPU.ActiveCfg = Debug|Any CPU
		{0CF5FE6A-8FE1-22EB-5CD2-0AC55DFD8DED}.Debug|Any CPU.Build.0 = Debug|Any CPU
		{0CF5FE6A-8FE1-22EB-5CD2-0AC55DFD8DED}.Debug|Any CPU.Deploy.0 = Debug|Any CPU
		{0CF5FE6A-8FE1-22EB-5CD2-0AC55DFD8DED}.Release|Any CPU.ActiveCfg = Release|Any CPU
		{0CF5FE6A-8FE1-22EB-5CD2-0AC55DFD8DED}.Release|Any CPU.Build.0 = Release|Any CPU
		{0CF5FE6A-8FE1-22EB-5CD2-0AC55DFD8DED}.Release|Any CPU.Deploy.0 = Release|Any CPU
		{E6D95AF7-4EA6-429F-AA8C-E1B81300C050}.Debug|Any CPU.ActiveCfg = Debug|Any CPU
		{E6D95AF7-4EA6-429F-AA8C-E1B81300C050}.Debug|Any CPU.Build.0 = Debug|Any CPU
		{E6D95AF7-4EA6-429F-AA8C-E1B81300C050}.Release|Any CPU.ActiveCfg = Release|Any CPU
		{E6D95AF7-4EA6-429F-AA8C-E1B81300C050}.Release|Any CPU.Build.0 = Release|Any CPU
	EndGlobalSection
	GlobalSection(SolutionProperties) = preSolution
		HideSolutionNode = FALSE
	EndGlobalSection
	GlobalSection(ExtensibilityGlobals) = postSolution
		SolutionGuid = {3CB08B54-7399-429A-A2F9-F58B5CBA5A37}
	EndGlobalSection
EndGlobal
